
Microsoft Visual Studio Solution File, Format Version 12.00
# Visual Studio Version 16
VisualStudioVersion = 16.0.31112.23
MinimumVisualStudioVersion = 10.0.40219.1
Project("{FAE04EC0-301F-11D3-BF4B-00C04F79EFBC}") = "Demo.Android", "Demo\Demo.Android\Demo.Android.csproj", "{54CACDC9-A641-436E-9C94-ACC72C9C9200}"
EndProject
Project("{FAE04EC0-301F-11D3-BF4B-00C04F79EFBC}") = "Demo.iOS", "Demo\Demo.iOS\Demo.iOS.csproj", "{53682C0F-F196-4C58-8E1E-213D6313B8FC}"
EndProject
Project("{FAE04EC0-301F-11D3-BF4B-00C04F79EFBC}") = "Demo", "Demo\Demo\Demo.csproj", "{42DCD1DC-796A-46CF-B882-67605670E79A}"
EndProject
Global
	GlobalSection(SolutionConfigurationPlatforms) = preSolution
		Debug|Any CPU = Debug|Any CPU
		Debug|iPhone = Debug|iPhone
		Debug|iPhoneSimulator = Debug|iPhoneSimulator
		Release|Any CPU = Release|Any CPU
		Release|iPhone = Release|iPhone
		Release|iPhoneSimulator = Release|iPhoneSimulator
	EndGlobalSection
	GlobalSection(ProjectConfigurationPlatforms) = postSolution
		{54CACDC9-A641-436E-9C94-ACC72C9C9200}.Debug|Any CPU.ActiveCfg = Debug|Any CPU
		{54CACDC9-A641-436E-9C94-ACC72C9C9200}.Debug|Any CPU.Build.0 = Debug|Any CPU
		{54CACDC9-A641-436E-9C94-ACC72C9C9200}.Debug|Any CPU.Deploy.0 = Debug|Any CPU
		{54CACDC9-A641-436E-9C94-ACC72C9C9200}.Debug|iPhone.ActiveCfg = Debug|Any CPU
		{54CACDC9-A641-436E-9C94-ACC72C9C9200}.Debug|iPhone.Build.0 = Debug|Any CPU
		{54CACDC9-A641-436E-9C94-ACC72C9C9200}.Debug|iPhone.Deploy.0 = Debug|Any CPU
		{54CACDC9-A641-436E-9C94-ACC72C9C9200}.Debug|iPhoneSimulator.ActiveCfg = Debug|Any CPU
		{54CACDC9-A641-436E-9C94-ACC72C9C9200}.Debug|iPhoneSimulator.Build.0 = Debug|Any CPU
		{54CACDC9-A641-436E-9C94-ACC72C9C9200}.Debug|iPhoneSimulator.Deploy.0 = Debug|Any CPU
		{54CACDC9-A641-436E-9C94-ACC72C9C9200}.Release|Any CPU.ActiveCfg = Release|Any CPU
		{54CACDC9-A641-436E-9C94-ACC72C9C9200}.Release|Any CPU.Build.0 = Release|Any CPU
		{54CACDC9-A641-436E-9C94-ACC72C9C9200}.Release|Any CPU.Deploy.0 = Release|Any CPU
		{54CACDC9-A641-436E-9C94-ACC72C9C9200}.Release|iPhone.ActiveCfg = Release|Any CPU
		{54CACDC9-A641-436E-9C94-ACC72C9C9200}.Release|iPhone.Build.0 = Release|Any CPU
		{54CACDC9-A641-436E-9C94-ACC72C9C9200}.Release|iPhone.Deploy.0 = Release|Any CPU
		{54CACDC9-A641-436E-9C94-ACC72C9C9200}.Release|iPhoneSimulator.ActiveCfg = Release|Any CPU
		{54CACDC9-A641-436E-9C94-ACC72C9C9200}.Release|iPhoneSimulator.Build.0 = Release|Any CPU
		{54CACDC9-A641-436E-9C94-ACC72C9C9200}.Release|iPhoneSimulator.Deploy.0 = Release|Any CPU
		{53682C0F-F196-4C58-8E1E-213D6313B8FC}.Debug|Any CPU.ActiveCfg = Debug|iPhone
		{53682C0F-F196-4C58-8E1E-213D6313B8FC}.Debug|Any CPU.Build.0 = Debug|iPhone
		{53682C0F-F196-4C58-8E1E-213D6313B8FC}.Debug|Any CPU.Deploy.0 = Debug|iPhone
		{53682C0F-F196-4C58-8E1E-213D6313B8FC}.Debug|iPhone.ActiveCfg = Debug|iPhone
		{53682C0F-F196-4C58-8E1E-213D6313B8FC}.Debug|iPhone.Build.0 = Debug|iPhone
		{53682C0F-F196-4C58-8E1E-213D6313B8FC}.Debug|iPhone.Deploy.0 = Debug|iPhone
		{53682C0F-F196-4C58-8E1E-213D6313B8FC}.Debug|iPhoneSimulator.ActiveCfg = Debug|iPhoneSimulator
		{53682C0F-F196-4C58-8E1E-213D6313B8FC}.Debug|iPhoneSimulator.Build.0 = Debug|iPhoneSimulator
		{53682C0F-F196-4C58-8E1E-213D6313B8FC}.Debug|iPhoneSimulator.Deploy.0 = Debug|iPhoneSimulator
		{53682C0F-F196-4C58-8E1E-213D6313B8FC}.Release|Any CPU.ActiveCfg = Release|iPhoneSimulator
		{53682C0F-F196-4C58-8E1E-213D6313B8FC}.Release|Any CPU.Build.0 = Release|iPhoneSimulator
		{53682C0F-F196-4C58-8E1E-213D6313B8FC}.Release|Any CPU.Deploy.0 = Release|iPhoneSimulator
		{53682C0F-F196-4C58-8E1E-213D6313B8FC}.Release|iPhone.ActiveCfg = Release|iPhone
		{53682C0F-F196-4C58-8E1E-213D6313B8FC}.Release|iPhone.Build.0 = Release|iPhone
		{53682C0F-F196-4C58-8E1E-213D6313B8FC}.Release|iPhone.Deploy.0 = Release|iPhone
		{53682C0F-F196-4C58-8E1E-213D6313B8FC}.Release|iPhoneSimulator.ActiveCfg = Release|iPhoneSimulator
		{53682C0F-F196-4C58-8E1E-213D6313B8FC}.Release|iPhoneSimulator.Build.0 = Release|iPhoneSimulator
		{53682C0F-F196-4C58-8E1E-213D6313B8FC}.Release|iPhoneSimulator.Deploy.0 = Release|iPhoneSimulator
		{42DCD1DC-796A-46CF-B882-67605670E79A}.Debug|Any CPU.ActiveCfg = Debug|Any CPU
		{42DCD1DC-796A-46CF-B882-67605670E79A}.Debug|Any CPU.Build.0 = Debug|Any CPU
		{42DCD1DC-796A-46CF-B882-67605670E79A}.Debug|Any CPU.Deploy.0 = Debug|Any CPU
		{42DCD1DC-796A-46CF-B882-67605670E79A}.Debug|iPhone.ActiveCfg = Debug|Any CPU
		{42DCD1DC-796A-46CF-B882-67605670E79A}.Debug|iPhone.Build.0 = Debug|Any CPU
		{42DCD1DC-796A-46CF-B882-67605670E79A}.Debug|iPhone.Deploy.0 = Debug|Any CPU
		{42DCD1DC-796A-46CF-B882-67605670E79A}.Debug|iPhoneSimulator.ActiveCfg = Debug|Any CPU
		{42DCD1DC-796A-46CF-B882-67605670E79A}.Debug|iPhoneSimulator.Build.0 = Debug|Any CPU
		{42DCD1DC-796A-46CF-B882-67605670E79A}.Debug|iPhoneSimulator.Deploy.0 = Debug|Any CPU
		{42DCD1DC-796A-46CF-B882-67605670E79A}.Release|Any CPU.ActiveCfg = Release|Any CPU
		{42DCD1DC-796A-46CF-B882-67605670E79A}.Release|Any CPU.Build.0 = Release|Any CPU
		{42DCD1DC-796A-46CF-B882-67605670E79A}.Release|Any CPU.Deploy.0 = Release|Any CPU
		{42DCD1DC-796A-46CF-B882-67605670E79A}.Release|iPhone.ActiveCfg = Release|Any CPU
		{42DCD1DC-796A-46CF-B882-67605670E79A}.Release|iPhone.Build.0 = Release|Any CPU
		{42DCD1DC-796A-46CF-B882-67605670E79A}.Release|iPhone.Deploy.0 = Release|Any CPU
		{42DCD1DC-796A-46CF-B882-67605670E79A}.Release|iPhoneSimulator.ActiveCfg = Release|Any CPU
		{42DCD1DC-796A-46CF-B882-67605670E79A}.Release|iPhoneSimulator.Build.0 = Release|Any CPU
		{42DCD1DC-796A-46CF-B882-67605670E79A}.Release|iPhoneSimulator.Deploy.0 = Release|Any CPU
	EndGlobalSection
	GlobalSection(SolutionProperties) = preSolution
		HideSolutionNode = FALSE
	EndGlobalSection
	GlobalSection(ExtensibilityGlobals) = postSolution
		SolutionGuid = {855F9846-47DC-4BE1-B26A-86A75B0DABCD}
	EndGlobalSection
EndGlobal
